
Microsoft Visual Studio Solution File, Format Version 12.00
# Visual Studio Version 17
VisualStudioVersion = 17.14.37027.9
MinimumVisualStudioVersion = 10.0.40219.1
Project("{2150E333-8FDC-42A3-9474-1A3956D46DE8}") = "src", "src", "{827E0CD3-B72D-47B6-A68D-7590B98EB39B}"
EndProject
Project("{FAE04EC0-301F-11D3-BF4B-00C04F79EFBC}") = "CacheImplementation.Core", "src\CacheImplementation.Core\CacheImplementation.Core.csproj", "{921BC09E-913D-4DFA-B371-EEA755A3FD08}"
EndProject
Project("{FAE04EC0-301F-11D3-BF4B-00C04F79EFBC}") = "CacheImplementation.Infrastructure", "src\CacheImplementation.Infrastructure\CacheImplementation.Infrastructure.csproj", "{0B28AE45-F500-4F8D-9D40-256C67B17D6B}"
EndProject
Project("{FAE04EC0-301F-11D3-BF4B-00C04F79EFBC}") = "CacheImplementation.Console", "src\CacheImplementation.Console\CacheImplementation.Console.csproj", "{A42BA6D7-620C-419B-A700-7EE65BC0D80E}"
EndProject
Global
	GlobalSection(SolutionConfigurationPlatforms) = preSolution
		Debug|Any CPU = Debug|Any CPU
		Debug|x64 = Debug|x64
		Debug|x86 = Debug|x86
		Release|Any CPU = Release|Any CPU
		Release|x64 = Release|x64
		Release|x86 = Release|x86
	EndGlobalSection
	GlobalSection(ProjectConfigurationPlatforms) = postSolution
		{921BC09E-913D-4DFA-B371-EEA755A3FD08}.Debug|Any CPU.ActiveCfg = Debug|Any CPU
		{921BC09E-913D-4DFA-B371-EEA755A3FD08}.Debug|Any CPU.Build.0 = Debug|Any CPU
		{921BC09E-913D-4DFA-B371-EEA755A3FD08}.Debug|x64.ActiveCfg = Debug|Any CPU
		{921BC09E-913D-4DFA-B371-EEA755A3FD08}.Debug|x64.Build.0 = Debug|Any CPU
		{921BC09E-913D-4DFA-B371-EEA755A3FD08}.Debug|x86.ActiveCfg = Debug|Any CPU
		{921BC09E-913D-4DFA-B371-EEA755A3FD08}.Debug|x86.Build.0 = Debug|Any CPU
		{921BC09E-913D-4DFA-B371-EEA755A3FD08}.Release|Any CPU.ActiveCfg = Release|Any CPU
		{921BC09E-913D-4DFA-B371-EEA755A3FD08}.Release|Any CPU.Build.0 = Release|Any CPU
		{921BC09E-913D-4DFA-B371-EEA755A3FD08}.Release|x64.ActiveCfg = Release|Any CPU
		{921BC09E-913D-4DFA-B371-EEA755A3FD08}.Release|x64.Build.0 = Release|Any CPU
		{921BC09E-913D-4DFA-B371-EEA755A3FD08}.Release|x86.ActiveCfg = Release|Any CPU
		{921BC09E-913D-4DFA-B371-EEA755A3FD08}.Release|x86.Build.0 = Release|Any CPU
		{0B28AE45-F500-4F8D-9D40-256C67B17D6B}.Debug|Any CPU.ActiveCfg = Debug|Any CPU
		{0B28AE45-F500-4F8D-9D40-256C67B17D6B}.Debug|Any CPU.Build.0 = Debug|Any CPU
		{0B28AE45-F500-4F8D-9D40-256C67B17D6B}.Debug|x64.ActiveCfg = Debug|Any CPU
		{0B28AE45-F500-4F8D-9D40-256C67B17D6B}.Debug|x64.Build.0 = Debug|Any CPU
		{0B28AE45-F500-4F8D-9D40-256C67B17D6B}.Debug|x86.ActiveCfg = Debug|Any CPU
		{0B28AE45-F500-4F8D-9D40-256C67B17D6B}.Debug|x86.Build.0 = Debug|Any CPU
		{0B28AE45-F500-4F8D-9D40-256C67B17D6B}.Release|Any CPU.ActiveCfg = Release|Any CPU
		{0B28AE45-F500-4F8D-9D40-256C67B17D6B}.Release|Any CPU.Build.0 = Release|Any CPU
		{0B28AE45-F500-4F8D-9D40-256C67B17D6B}.Release|x64.ActiveCfg = Release|Any CPU
		{0B28AE45-F500-4F8D-9D40-256C67B17D6B}.Release|x64.Build.0 = Release|Any CPU
		{0B28AE45-F500-4F8D-9D40-256C67B17D6B}.Release|x86.ActiveCfg = Release|Any CPU
		{0B28AE45-F500-4F8D-9D40-256C67B17D6B}.Release|x86.Build.0 = Release|Any CPU
		{A42BA6D7-620C-419B-A700-7EE65BC0D80E}.Debug|Any CPU.ActiveCfg = Debug|Any CPU
		{A42BA6D7-620C-419B-A700-7EE65BC0D80E}.Debug|Any CPU.Build.0 = Debug|Any CPU
		{A42BA6D7-620C-419B-A700-7EE65BC0D80E}.Debug|x64.ActiveCfg = Debug|Any CPU
		{A42BA6D7-620C-419B-A700-7EE65BC0D80E}.Debug|x64.Build.0 = Debug|Any CPU
		{A42BA6D7-620C-419B-A700-7EE65BC0D80E}.Debug|x86.ActiveCfg = Debug|Any CPU
		{A42BA6D7-620C-419B-A700-7EE65BC0D80E}.Debug|x86.Build.0 = Debug|Any CPU
		{A42BA6D7-620C-419B-A700-7EE65BC0D80E}.Release|Any CPU.ActiveCfg = Release|Any CPU
		{A42BA6D7-620C-419B-A700-7EE65BC0D80E}.Release|Any CPU.Build.0 = Release|Any CPU
		{A42BA6D7-620C-419B-A700-7EE65BC0D80E}.Release|x64.ActiveCfg = Release|Any CPU
		{A42BA6D7-620C-419B-A700-7EE65BC0D80E}.Release|x64.Build.0 = Release|Any CPU
		{A42BA6D7-620C-419B-A700-7EE65BC0D80E}.Release|x86.ActiveCfg = Release|Any CPU
		{A42BA6D7-620C-419B-A700-7EE65BC0D80E}.Release|x86.Build.0 = Release|Any CPU
	EndGlobalSection
	GlobalSection(SolutionProperties) = preSolution
		HideSolutionNode = FALSE
	EndGlobalSection
	GlobalSection(NestedProjects) = preSolution
		{921BC09E-913D-4DFA-B371-EEA755A3FD08} = {827E0CD3-B72D-47B6-A68D-7590B98EB39B}
		{0B28AE45-F500-4F8D-9D40-256C67B17D6B} = {827E0CD3-B72D-47B6-A68D-7590B98EB39B}
		{A42BA6D7-620C-419B-A700-7EE65BC0D80E} = {827E0CD3-B72D-47B6-A68D-7590B98EB39B}
	EndGlobalSection
	GlobalSection(ExtensibilityGlobals) = postSolution
		SolutionGuid = {2ABF4F5E-3FE7-4BCB-8737-9ABD3CB62BF6}
	EndGlobalSection
EndGlobal
